
Microsoft Visual Studio Solution File, Format Version 12.00
# Visual Studio 14
VisualStudioVersion = 14.0.24720.0
MinimumVisualStudioVersion = 10.0.40219.1
Project("{FAE04EC0-301F-11D3-BF4B-00C04F79EFBC}") = "IdentityServerTest", "IdentityServerTest\IdentityServerTest.csproj", "{D983CCCF-B2B1-4860-AF24-3066F3AD8689}"
EndProject
Project("{FAE04EC0-301F-11D3-BF4B-00C04F79EFBC}") = "TestAPI", "TestAPI\TestAPI.csproj", "{D56A91EF-DDA4-4298-8D89-A56B9A713065}"
EndProject
Global
	GlobalSection(SolutionConfigurationPlatforms) = preSolution
		Debug|Any CPU = Debug|Any CPU
		Release|Any CPU = Release|Any CPU
	EndGlobalSection
	GlobalSection(ProjectConfigurationPlatforms) = postSolution
		{D983CCCF-B2B1-4860-AF24-3066F3AD8689}.Debug|Any CPU.ActiveCfg = Debug|Any CPU
		{D983CCCF-B2B1-4860-AF24-3066F3AD8689}.Debug|Any CPU.Build.0 = Debug|Any CPU
		{D983CCCF-B2B1-4860-AF24-3066F3AD8689}.Release|Any CPU.ActiveCfg = Release|Any CPU
		{D983CCCF-B2B1-4860-AF24-3066F3AD8689}.Release|Any CPU.Build.0 = Release|Any CPU
		{D56A91EF-DDA4-4298-8D89-A56B9A713065}.Debug|Any CPU.ActiveCfg = Debug|Any CPU
		{D56A91EF-DDA4-4298-8D89-A56B9A713065}.Debug|Any CPU.Build.0 = Debug|Any CPU
		{D56A91EF-DDA4-4298-8D89-A56B9A713065}.Release|Any CPU.ActiveCfg = Release|Any CPU
		{D56A91EF-DDA4-4298-8D89-A56B9A713065}.Release|Any CPU.Build.0 = Release|Any CPU
	EndGlobalSection
	GlobalSection(SolutionProperties) = preSolution
		HideSolutionNode = FALSE
	EndGlobalSection
EndGlobal
